// !$*UTF8*$!
{
	archiveVersion = 1;
	classes = {
	};
	objectVersion = 46;
	objects = {

/* Begin PBXBuildFile section */
		882EE8031B03C56B00A2C622 /* AppDelegate.swift in Sources */ = {isa = PBXBuildFile; fileRef = 882EE8021B03C56B00A2C622 /* AppDelegate.swift */; };
		882EE8051B03C56B00A2C622 /* ViewController.swift in Sources */ = {isa = PBXBuildFile; fileRef = 882EE8041B03C56B00A2C622 /* ViewController.swift */; };
		882EE8081B03C56B00A2C622 /* Main.storyboard in Resources */ = {isa = PBXBuildFile; fileRef = 882EE8061B03C56B00A2C622 /* Main.storyboard */; };
		882EE80A1B03C56B00A2C622 /* Images.xcassets in Resources */ = {isa = PBXBuildFile; fileRef = 882EE8091B03C56B00A2C622 /* Images.xcassets */; };
		882EE8191B03C56B00A2C622 /* SwiftSlackbotsTests.swift in Sources */ = {isa = PBXBuildFile; fileRef = 882EE8181B03C56B00A2C622 /* SwiftSlackbotsTests.swift */; };
		882EE8231B03C57F00A2C622 /* Slackbot.swift in Sources */ = {isa = PBXBuildFile; fileRef = 882EE8221B03C57F00A2C622 /* Slackbot.swift */; };
/* End PBXBuildFile section */

/* Begin PBXContainerItemProxy section */
		882EE8131B03C56B00A2C622 /* PBXContainerItemProxy */ = {
			isa = PBXContainerItemProxy;
			containerPortal = 882EE7F51B03C56B00A2C622 /* Project object */;
			proxyType = 1;
			remoteGlobalIDString = 882EE7FC1B03C56B00A2C622;
			remoteInfo = SwiftSlackbots;
		};
/* End PBXContainerItemProxy section */

/* Begin PBXFileReference section */
		882EE7FD1B03C56B00A2C622 /* SwiftSlackbots.app */ = {isa = PBXFileReference; explicitFileType = wrapper.application; includeInIndex = 0; path = SwiftSlackbots.app; sourceTree = BUILT_PRODUCTS_DIR; };
		882EE8011B03C56B00A2C622 /* Info.plist */ = {isa = PBXFileReference; lastKnownFileType = text.plist.xml; path = Info.plist; sourceTree = "<group>"; };
		882EE8021B03C56B00A2C622 /* AppDelegate.swift */ = {isa = PBXFileReference; lastKnownFileType = sourcecode.swift; path = AppDelegate.swift; sourceTree = "<group>"; };
		882EE8041B03C56B00A2C622 /* ViewController.swift */ = {isa = PBXFileReference; lastKnownFileType = sourcecode.swift; path = ViewController.swift; sourceTree = "<group>"; };
		882EE8071B03C56B00A2C622 /* Base */ = {isa = PBXFileReference; lastKnownFileType = file.storyboard; name = Base; path = Base.lproj/Main.storyboard; sourceTree = "<group>"; };
		882EE8091B03C56B00A2C622 /* Images.xcassets */ = {isa = PBXFileReference; lastKnownFileType = folder.assetcatalog; path = Images.xcassets; sourceTree = "<group>"; };
		882EE8121B03C56B00A2C622 /* SwiftSlackbotsTests.xctest */ = {isa = PBXFileReference; explicitFileType = wrapper.cfbundle; includeInIndex = 0; path = SwiftSlackbotsTests.xctest; sourceTree = BUILT_PRODUCTS_DIR; };
		882EE8171B03C56B00A2C622 /* Info.plist */ = {isa = PBXFileReference; lastKnownFileType = text.plist.xml; path = Info.plist; sourceTree = "<group>"; };
		882EE8181B03C56B00A2C622 /* SwiftSlackbotsTests.swift */ = {isa = PBXFileReference; lastKnownFileType = sourcecode.swift; path = SwiftSlackbotsTests.swift; sourceTree = "<group>"; };
		882EE8221B03C57F00A2C622 /* Slackbot.swift */ = {isa = PBXFileReference; fileEncoding = 4; lastKnownFileType = sourcecode.swift; path = Slackbot.swift; sourceTree = "<group>"; };
/* End PBXFileReference section */

/* Begin PBXFrameworksBuildPhase section */
		882EE7FA1B03C56B00A2C622 /* Frameworks */ = {
			isa = PBXFrameworksBuildPhase;
			buildActionMask = 2147483647;
			files = (
			);
			runOnlyForDeploymentPostprocessing = 0;
		};
		882EE80F1B03C56B00A2C622 /* Frameworks */ = {
			isa = PBXFrameworksBuildPhase;
			buildActionMask = 2147483647;
			files = (
			);
			runOnlyForDeploymentPostprocessing = 0;
		};
/* End PBXFrameworksBuildPhase section */

/* Begin PBXGroup section */
		882EE7F41B03C56B00A2C622 = {
			isa = PBXGroup;
			children = (
				882EE7FF1B03C56B00A2C622 /* SwiftSlackbots */,
				882EE8151B03C56B00A2C622 /* SwiftSlackbotsTests */,
				882EE7FE1B03C56B00A2C622 /* Products */,
			);
			sourceTree = "<group>";
		};
		882EE7FE1B03C56B00A2C622 /* Products */ = {
			isa = PBXGroup;
			children = (
				882EE7FD1B03C56B00A2C622 /* SwiftSlackbots.app */,
				882EE8121B03C56B00A2C622 /* SwiftSlackbotsTests.xctest */,
			);
			name = Products;
			sourceTree = "<group>";
		};
		882EE7FF1B03C56B00A2C622 /* SwiftSlackbots */ = {
			isa = PBXGroup;
			children = (
				882EE8041B03C56B00A2C622 /* ViewController.swift */,
				882EE8061B03C56B00A2C622 /* Main.storyboard */,
				882EE8221B03C57F00A2C622 /* Slackbot.swift */,
				882EE8001B03C56B00A2C622 /* Supporting Files */,
			);
			path = SwiftSlackbots;
			sourceTree = "<group>";
		};
		882EE8001B03C56B00A2C622 /* Supporting Files */ = {
			isa = PBXGroup;
			children = (
				882EE8021B03C56B00A2C622 /* AppDelegate.swift */,
				882EE8091B03C56B00A2C622 /* Images.xcassets */,
				882EE8011B03C56B00A2C622 /* Info.plist */,
			);
			name = "Supporting Files";
			sourceTree = "<group>";
		};
		882EE8151B03C56B00A2C622 /* SwiftSlackbotsTests */ = {
			isa = PBXGroup;
			children = (
				882EE8181B03C56B00A2C622 /* SwiftSlackbotsTests.swift */,
				882EE8161B03C56B00A2C622 /* Supporting Files */,
			);
			path = SwiftSlackbotsTests;
			sourceTree = "<group>";
		};
		882EE8161B03C56B00A2C622 /* Supporting Files */ = {
			isa = PBXGroup;
			children = (
				882EE8171B03C56B00A2C622 /* Info.plist */,
			);
			name = "Supporting Files";
			sourceTree = "<group>";
		};
/* End PBXGroup section */

/* Begin PBXNativeTarget section */
		882EE7FC1B03C56B00A2C622 /* SwiftSlackbots */ = {
			isa = PBXNativeTarget;
			buildConfigurationList = 882EE81C1B03C56B00A2C622 /* Build configuration list for PBXNativeTarget "SwiftSlackbots" */;
			buildPhases = (
				882EE7F91B03C56B00A2C622 /* Sources */,
				882EE7FA1B03C56B00A2C622 /* Frameworks */,
				882EE7FB1B03C56B00A2C622 /* Resources */,
			);
			buildRules = (
			);
			dependencies = (
			);
			name = SwiftSlackbots;
			productName = SwiftSlackbots;
			productReference = 882EE7FD1B03C56B00A2C622 /* SwiftSlackbots.app */;
			productType = "com.apple.product-type.application";
		};
		882EE8111B03C56B00A2C622 /* SwiftSlackbotsTests */ = {
			isa = PBXNativeTarget;
			buildConfigurationList = 882EE81F1B03C56B00A2C622 /* Build configuration list for PBXNativeTarget "SwiftSlackbotsTests" */;
			buildPhases = (
				882EE80E1B03C56B00A2C622 /* Sources */,
				882EE80F1B03C56B00A2C622 /* Frameworks */,
				882EE8101B03C56B00A2C622 /* Resources */,
			);
			buildRules = (
			);
			dependencies = (
				882EE8141B03C56B00A2C622 /* PBXTargetDependency */,
			);
			name = SwiftSlackbotsTests;
			productName = SwiftSlackbotsTests;
			productReference = 882EE8121B03C56B00A2C622 /* SwiftSlackbotsTests.xctest */;
			productType = "com.apple.product-type.bundle.unit-test";
		};
/* End PBXNativeTarget section */

/* Begin PBXProject section */
		882EE7F51B03C56B00A2C622 /* Project object */ = {
			isa = PBXProject;
			attributes = {
				LastUpgradeCheck = 0630;
				ORGANIZATIONNAME = "Peter Johnson";
				TargetAttributes = {
					882EE7FC1B03C56B00A2C622 = {
						CreatedOnToolsVersion = 6.3.1;
					};
					882EE8111B03C56B00A2C622 = {
						CreatedOnToolsVersion = 6.3.1;
						TestTargetID = 882EE7FC1B03C56B00A2C622;
					};
				};
			};
			buildConfigurationList = 882EE7F81B03C56B00A2C622 /* Build configuration list for PBXProject "SwiftSlackbots" */;
			compatibilityVersion = "Xcode 3.2";
			developmentRegion = English;
			hasScannedForEncodings = 0;
			knownRegions = (
				en,
				Base,
			);
			mainGroup = 882EE7F41B03C56B00A2C622;
			productRefGroup = 882EE7FE1B03C56B00A2C622 /* Products */;
			projectDirPath = "";
			projectRoot = "";
			targets = (
				882EE7FC1B03C56B00A2C622 /* SwiftSlackbots */,
				882EE8111B03C56B00A2C622 /* SwiftSlackbotsTests */,
			);
		};
/* End PBXProject section */

/* Begin PBXResourcesBuildPhase section */
		882EE7FB1B03C56B00A2C622 /* Resources */ = {
			isa = PBXResourcesBuildPhase;
			buildActionMask = 2147483647;
			files = (
				882EE8081B03C56B00A2C622 /* Main.storyboard in Resources */,
				882EE80A1B03C56B00A2C622 /* Images.xcassets in Resources */,
			);
			runOnlyForDeploymentPostprocessing = 0;
		};
		882EE8101B03C56B00A2C622 /* Resources */ = {
			isa = PBXResourcesBuildPhase;
			buildActionMask = 2147483647;
			files = (
			);
			runOnlyForDeploymentPostprocessing = 0;
		};
/* End PBXResourcesBuildPhase section */

/* Begin PBXSourcesBuildPhase section */
		882EE7F91B03C56B00A2C622 /* Sources */ = {
			isa = PBXSourcesBuildPhase;
			buildActionMask = 2147483647;
			files = (
				882EE8231B03C57F00A2C622 /* Slackbot.swift in Sources */,
				882EE8051B03C56B00A2C622 /* ViewController.swift in Sources */,
				882EE8031B03C56B00A2C622 /* AppDelegate.swift in Sources */,
			);
			runOnlyForDeploymentPostprocessing = 0;
		};
		882EE80E1B03C56B00A2C622 /* Sources */ = {
			isa = PBXSourcesBuildPhase;
			buildActionMask = 2147483647;
			files = (
				882EE8191B03C56B00A2C622 /* SwiftSlackbotsTests.swift in Sources */,
			);
			runOnlyForDeploymentPostprocessing = 0;
		};
/* End PBXSourcesBuildPhase section */

/* Begin PBXTargetDependency section */
		882EE8141B03C56B00A2C622 /* PBXTargetDependency */ = {
			isa = PBXTargetDependency;
			target = 882EE7FC1B03C56B00A2C622 /* SwiftSlackbots */;
			targetProxy = 882EE8131B03C56B00A2C622 /* PBXContainerItemProxy */;
		};
/* End PBXTargetDependency section */

/* Begin PBXVariantGroup section */
		882EE8061B03C56B00A2C622 /* Main.storyboard */ = {
			isa = PBXVariantGroup;
			children = (
				882EE8071B03C56B00A2C622 /* Base */,
			);
			name = Main.storyboard;
			sourceTree = "<group>";
		};
/* End PBXVariantGroup section */

/* Begin XCBuildConfiguration section */
		882EE81A1B03C56B00A2C622 /* Debug */ = {
			isa = XCBuildConfiguration;
			buildSettings = {
				ALWAYS_SEARCH_USER_PATHS = NO;
				CLANG_CXX_LANGUAGE_STANDARD = "gnu++0x";
				CLANG_CXX_LIBRARY = "libc++";
				CLANG_ENABLE_MODULES = YES;
				CLANG_ENABLE_OBJC_ARC = YES;
				CLANG_WARN_BOOL_CONVERSION = YES;
				CLANG_WARN_CONSTANT_CONVERSION = YES;
				CLANG_WARN_DIRECT_OBJC_ISA_USAGE = YES_ERROR;
				CLANG_WARN_EMPTY_BODY = YES;
				CLANG_WARN_ENUM_CONVERSION = YES;
				CLANG_WARN_INT_CONVERSION = YES;
				CLANG_WARN_OBJC_ROOT_CLASS = YES_ERROR;
				CLANG_WARN_UNREACHABLE_CODE = YES;
				CLANG_WARN__DUPLICATE_METHOD_MATCH = YES;
				"CODE_SIGN_IDENTITY[sdk=iphoneos*]" = "iPhone Developer";
				COPY_PHASE_STRIP = NO;
				DEBUG_INFORMATION_FORMAT = "dwarf-with-dsym";
				ENABLE_STRICT_OBJC_MSGSEND = YES;
				GCC_C_LANGUAGE_STANDARD = gnu99;
				GCC_DYNAMIC_NO_PIC = NO;
				GCC_NO_COMMON_BLOCKS = YES;
				GCC_OPTIMIZATION_LEVEL = 0;
				GCC_PREPROCESSOR_DEFINITIONS = (
					"DEBUG=1",
					"$(inherited)",
				);
				GCC_SYMBOLS_PRIVATE_EXTERN = NO;
				GCC_WARN_64_TO_32_BIT_CONVERSION = YES;
				GCC_WARN_ABOUT_RETURN_TYPE = YES_ERROR;
				GCC_WARN_UNDECLARED_SELECTOR = YES;
				GCC_WARN_UNINITIALIZED_AUTOS = YES_AGGRESSIVE;
				GCC_WARN_UNUSED_FUNCTION = YES;
				GCC_WARN_UNUSED_VARIABLE = YES;
				IPHONEOS_DEPLOYMENT_TARGET = 8.3;
				MTL_ENABLE_DEBUG_INFO = YES;
				ONLY_ACTIVE_ARCH = YES;
				SDKROOT = iphoneos;
				SWIFT_OPTIMIZATION_LEVEL = "-Onone";
			};
			name = Debug;
		};
		882EE81B1B03C56B00A2C622 /* Release */ = {
			isa = XCBuildConfiguration;
			buildSettings = {
				ALWAYS_SEARCH_USER_PATHS = NO;
				CLANG_CXX_LANGUAGE_STANDARD = "gnu++0x";
				CLANG_CXX_LIBRARY = "libc++";
				CLANG_ENABLE_MODULES = YES;
				CLANG_ENABLE_OBJC_ARC = YES;
				CLANG_WARN_BOOL_CONVERSION = YES;
				CLANG_WARN_CONSTANT_CONVERSION = YES;
				CLANG_WARN_DIRECT_OBJC_ISA_USAGE = YES_ERROR;
				CLANG_WARN_EMPTY_BODY = YES;
				CLANG_WARN_ENUM_CONVERSION = YES;
				CLANG_WARN_INT_CONVERSION = YES;
				CLANG_WARN_OBJC_ROOT_CLASS = YES_ERROR;
				CLANG_WARN_UNREACHABLE_CODE = YES;
				CLANG_WARN__DUPLICATE_METHOD_MATCH = YES;
				"CODE_SIGN_IDENTITY[sdk=iphoneos*]" = "iPhone Developer";
				COPY_PHASE_STRIP = NO;
				DEBUG_INFORMATION_FORMAT = "dwarf-with-dsym";
				ENABLE_NS_ASSERTIONS = NO;
				ENABLE_STRICT_OBJC_MSGSEND = YES;
				GCC_C_LANGUAGE_STANDARD = gnu99;
				GCC_NO_COMMON_BLOCKS = YES;
				GCC_WARN_64_TO_32_BIT_CONVERSION = YES;
				GCC_WARN_ABOUT_RETURN_TYPE = YES_ERROR;
				GCC_WARN_UNDECLARED_SELECTOR = YES;
				GCC_WARN_UNINITIALIZED_AUTOS = YES_AGGRESSIVE;
				GCC_WARN_UNUSED_FUNCTION = YES;
				GCC_WARN_UNUSED_VARIABLE = YES;
				IPHONEOS_DEPLOYMENT_TARGET = 8.3;
				MTL_ENABLE_DEBUG_INFO = NO;
				SDKROOT = iphoneos;
				VALIDATE_PRODUCT = YES;
			};
			name = Release;
		};
		882EE81D1B03C56B00A2C622 /* Debug */ = {
			isa = XCBuildConfiguration;
			buildSettings = {
				ASSETCATALOG_COMPILER_APPICON_NAME = AppIcon;
				INFOPLIST_FILE = SwiftSlackbots/Info.plist;
				LD_RUNPATH_SEARCH_PATHS = "$(inherited) @executable_path/Frameworks";
				PRODUCT_NAME = "$(TARGET_NAME)";
			};
			name = Debug;
		};
		882EE81E1B03C56B00A2C622 /* Release */ = {
			isa = XCBuildConfiguration;
			buildSettings = {
				ASSETCATALOG_COMPILER_APPICON_NAME = AppIcon;
				INFOPLIST_FILE = SwiftSlackbots/Info.plist;
				LD_RUNPATH_SEARCH_PATHS = "$(inherited) @executable_path/Frameworks";
				PRODUCT_NAME = "$(TARGET_NAME)";
			};
			name = Release;
		};
		882EE8201B03C56B00A2C622 /* Debug */ = {
			isa = XCBuildConfiguration;
			buildSettings = {
				BUNDLE_LOADER = "$(TEST_HOST)";
				FRAMEWORK_SEARCH_PATHS = (
					"$(SDKROOT)/Developer/Library/Frameworks",
					"$(inherited)",
				);
				GCC_PREPROCESSOR_DEFINITIONS = (
					"DEBUG=1",
					"$(inherited)",
				);
				INFOPLIST_FILE = SwiftSlackbotsTests/Info.plist;
				LD_RUNPATH_SEARCH_PATHS = "$(inherited) @executable_path/Frameworks @loader_path/Frameworks";
				PRODUCT_NAME = "$(TARGET_NAME)";
				TEST_HOST = "$(BUILT_PRODUCTS_DIR)/SwiftSlackbots.app/SwiftSlackbots";
			};
			name = Debug;
		};
		882EE8211B03C56B00A2C622 /* Release */ = {
			isa = XCBuildConfiguration;
			buildSettings = {
				BUNDLE_LOADER = "$(TEST_HOST)";
				FRAMEWORK_SEARCH_PATHS = (
					"$(SDKROOT)/Developer/Library/Frameworks",
					"$(inherited)",
				);
				INFOPLIST_FILE = SwiftSlackbotsTests/Info.plist;
				LD_RUNPATH_SEARCH_PATHS = "$(inherited) @executable_path/Frameworks @loader_path/Frameworks";
				PRODUCT_NAME = "$(TARGET_NAME)";
				TEST_HOST = "$(BUILT_PRODUCTS_DIR)/SwiftSlackbots.app/SwiftSlackbots";
			};
			name = Release;
		};
/* End XCBuildConfiguration section */

/* Begin XCConfigurationList section */
		882EE7F81B03C56B00A2C622 /* Build configuration list for PBXProject "SwiftSlackbots" */ = {
			isa = XCConfigurationList;
			buildConfigurations = (
				882EE81A1B03C56B00A2C622 /* Debug */,
				882EE81B1B03C56B00A2C622 /* Release */,
			);
			defaultConfigurationIsVisible = 0;
			defaultConfigurationName = Release;
		};
		882EE81C1B03C56B00A2C622 /* Build configuration list for PBXNativeTarget "SwiftSlackbots" */ = {
			isa = XCConfigurationList;
			buildConfigurations = (
				882EE81D1B03C56B00A2C622 /* Debug */,
				882EE81E1B03C56B00A2C622 /* Release */,
			);
			defaultConfigurationIsVisible = 0;
			defaultConfigurationName = Release;
		};
		882EE81F1B03C56B00A2C622 /* Build configuration list for PBXNativeTarget "SwiftSlackbotsTests" */ = {
			isa = XCConfigurationList;
			buildConfigurations = (
				882EE8201B03C56B00A2C622 /* Debug */,
				882EE8211B03C56B00A2C622 /* Release */,
			);
			defaultConfigurationIsVisible = 0;
			defaultConfigurationName = Release;
		};
/* End XCConfigurationList section */
	};
	rootObject = 882EE7F51B03C56B00A2C622 /* Project object */;
}
